
Microsoft Visual Studio Solution File, Format Version 12.00
# Visual Studio Version 16
VisualStudioVersion = 16.0.30517.126
MinimumVisualStudioVersion = 10.0.40219.1
Project("{FAE04EC0-301F-11D3-BF4B-00C04F79EFBC}") = "EmployeeManagement", "EmployeeManagement\EmployeeManagement.csproj", "{FC0A11CD-71F2-4050-9AC9-D0BE5F078A50}"
EndProject
Global
	GlobalSection(SolutionConfigurationPlatforms) = preSolution
		Debug|Any CPU = Debug|Any CPU
		Release|Any CPU = Release|Any CPU
	EndGlobalSection
	GlobalSection(ProjectConfigurationPlatforms) = postSolution
		{FC0A11CD-71F2-4050-9AC9-D0BE5F078A50}.Debug|Any CPU.ActiveCfg = Debug|Any CPU
		{FC0A11CD-71F2-4050-9AC9-D0BE5F078A50}.Debug|Any CPU.Build.0 = Debug|Any CPU
		{FC0A11CD-71F2-4050-9AC9-D0BE5F078A50}.Release|Any CPU.ActiveCfg = Release|Any CPU
		{FC0A11CD-71F2-4050-9AC9-D0BE5F078A50}.Release|Any CPU.Build.0 = Release|Any CPU
	EndGlobalSection
	GlobalSection(SolutionProperties) = preSolution
		HideSolutionNode = FALSE
	EndGlobalSection
	GlobalSection(ExtensibilityGlobals) = postSolution
		SolutionGuid = {28D818C0-E06E-48AE-9EE0-2AE6F9D89535}
	EndGlobalSection
EndGlobal
